
Microsoft Visual Studio Solution File, Format Version 12.00
# Visual Studio Version 17
VisualStudioVersion = 17.7.34024.191
MinimumVisualStudioVersion = 10.0.40219.1
Project("{FAE04EC0-301F-11D3-BF4B-00C04F79EFBC}") = "InvestigationProject.Shared", "InvestigationProject.Shared\InvestigationProject.Shared.csproj", "{09EED1C6-2673-480B-9ECE-0C1C6153D5C1}"
EndProject
Project("{FAE04EC0-301F-11D3-BF4B-00C04F79EFBC}") = "InvestigationProject.API", "InvestigationProject.API\InvestigationProject.API.csproj", "{E60A51C1-A49A-48A8-AAF7-52BBC8211732}"
EndProject
Project("{FAE04EC0-301F-11D3-BF4B-00C04F79EFBC}") = "InvestigationProject.WEB", "InvestigationProject.WEB\InvestigationProject.WEB.csproj", "{D3717FF8-A710-4747-B406-4AF0187A2094}"
EndProject
Global
	GlobalSection(SolutionConfigurationPlatforms) = preSolution
		Debug|Any CPU = Debug|Any CPU
		Release|Any CPU = Release|Any CPU
	EndGlobalSection
	GlobalSection(ProjectConfigurationPlatforms) = postSolution
		{09EED1C6-2673-480B-9ECE-0C1C6153D5C1}.Debug|Any CPU.ActiveCfg = Debug|Any CPU
		{09EED1C6-2673-480B-9ECE-0C1C6153D5C1}.Debug|Any CPU.Build.0 = Debug|Any CPU
		{09EED1C6-2673-480B-9ECE-0C1C6153D5C1}.Release|Any CPU.ActiveCfg = Release|Any CPU
		{09EED1C6-2673-480B-9ECE-0C1C6153D5C1}.Release|Any CPU.Build.0 = Release|Any CPU
		{E60A51C1-A49A-48A8-AAF7-52BBC8211732}.Debug|Any CPU.ActiveCfg = Debug|Any CPU
		{E60A51C1-A49A-48A8-AAF7-52BBC8211732}.Debug|Any CPU.Build.0 = Debug|Any CPU
		{E60A51C1-A49A-48A8-AAF7-52BBC8211732}.Release|Any CPU.ActiveCfg = Release|Any CPU
		{E60A51C1-A49A-48A8-AAF7-52BBC8211732}.Release|Any CPU.Build.0 = Release|Any CPU
		{D3717FF8-A710-4747-B406-4AF0187A2094}.Debug|Any CPU.ActiveCfg = Debug|Any CPU
		{D3717FF8-A710-4747-B406-4AF0187A2094}.Debug|Any CPU.Build.0 = Debug|Any CPU
		{D3717FF8-A710-4747-B406-4AF0187A2094}.Release|Any CPU.ActiveCfg = Release|Any CPU
		{D3717FF8-A710-4747-B406-4AF0187A2094}.Release|Any CPU.Build.0 = Release|Any CPU
	EndGlobalSection
	GlobalSection(SolutionProperties) = preSolution
		HideSolutionNode = FALSE
	EndGlobalSection
	GlobalSection(ExtensibilityGlobals) = postSolution
		SolutionGuid = {429C0740-F4E2-4301-82FE-AD3BD8E8888A}
	EndGlobalSection
EndGlobal
